{
  "name": "rusty-vendor-cli",
  "version": "1.0.0",
  "lockfileVersion": 3,
  "requires": true,
  "packages": {
    "": {
      "name": "rusty-vendor-cli",
      "version": "1.0.0",
      "dependencies": {
        "@github/copilot-sdk": "1.0.7",
        "@openai/codex": "0.160.0"
      }
    },
    "node_modules/@github/copilot": {
      "version": "1.0.85",
      "resolved": "https://registry.npmjs.org/@github/copilot/-/copilot-1.0.85.tgz",
      "integrity": "sha512-cZ/4wZ7hHkfRs+zlMJLv9WmQhl1qZgQW/Edq0nEBBTmoHacc+BJZ4YUPVKTfwHwd8k+FeB4S27fhZasVjJPCHw==",
      "license": "SEE LICENSE IN LICENSE.md",
      "dependencies": {
        "detect-libc": "^2.1.2"
      },
      "bin": {
        "copilot": "npm-loader.js"
      },
      "optionalDependencies": {
        "@github/copilot-darwin-arm64": "1.0.85",
        "@github/copilot-darwin-x64": "1.0.85",
        "@github/copilot-linux-arm64": "1.0.85",
        "@github/copilot-linux-x64": "1.0.85",
        "@github/copilot-linuxmusl-arm64": "1.0.85",
        "@github/copilot-linuxmusl-x64": "1.0.85",
        "@github/copilot-win32-arm64": "1.0.85",
        "@github/copilot-win32-x64": "1.0.85"
      }
    },
    "node_modules/@github/copilot-darwin-arm64": {
      "version": "1.0.85",
      "resolved": "https://registry.npmjs.org/@github/copilot-darwin-arm64/-/copilot-darwin-arm64-1.0.85.tgz",
      "integrity": "sha512-FqoLTSpgJanY1FmuE2636Fxup9sc5w/VnNzvF8OLyXHtlwWzNm21Zl8an9/MOJHEt1442EUxZlgjItdVdeW7Fg==",
      "cpu": [
        "arm64"
      ],
      "license": "SEE LICENSE IN LICENSE.md",
      "optional": true,
      "os": [
        "darwin"
      ],
      "bin": {
        "copilot-darwin-arm64": "copilot"
      }
    },
    "node_modules/@github/copilot-darwin-x64": {
      "version": "1.0.85",
      "resolved": "https://registry.npmjs.org/@github/copilot-darwin-x64/-/copilot-darwin-x64-1.0.85.tgz",
      "integrity": "sha512-nTNJQfP6fZA4HkOneFPlTBtIOnocu9mavlZ7vL+wwgZl+YgVAKnbFwa0OGzSJVZSTr16XtW95rGL/bD88XkJFQ==",
      "cpu": [
        "x64"
      ],
      "license": "SEE LICENSE IN LICENSE.md",
      "optional": true,
      "os": [
        "darwin"
      ],
      "bin": {
        "copilot-darwin-x64": "copilot"
      }
    },
    "node_modules/@github/copilot-linux-arm64": {
      "version": "1.0.85",
      "resolved": "https://registry.npmjs.org/@github/copilot-linux-arm64/-/copilot-linux-arm64-1.0.85.tgz",
      "integrity": "sha512-VhiYw/N4mOzGH7AG7h+e2eZ/dlnaS5+BwmnOFOMvzj/fjBCFbzLB8+l/3sHkNh/pmwnqwztGMkm0u2UWmlAxZw==",
      "cpu": [
        "arm64"
      ],
      "license": "SEE LICENSE IN LICENSE.md",
      "optional": true,
      "os": [
        "linux"
      ],
      "bin": {
        "copilot-linux-arm64": "copilot"
      }
    },
    "node_modules/@github/copilot-linux-x64": {
      "version": "1.0.85",
      "resolved": "https://registry.npmjs.org/@github/copilot-linux-x64/-/copilot-linux-x64-1.0.85.tgz",
      "integrity": "sha512-2P7bRLwPjZjWY+wI7H2tOZX6Wv6nS3Lc/m2tAWigS9MwH91YpUnJpHUCXSvRW7Q3shFKzFw4KeKL+OOz5pxGRA==",
      "cpu": [
        "x64"
      ],
      "license": "SEE LICENSE IN LICENSE.md",
      "optional": true,
      "os": [
        "linux"
      ],
      "bin": {
        "copilot-linux-x64": "copilot"
      }
    },
    "node_modules/@github/copilot-linuxmusl-arm64": {
      "version": "1.0.85",
      "resolved": "https://registry.npmjs.org/@github/copilot-linuxmusl-arm64/-/copilot-linuxmusl-arm64-1.0.85.tgz",
      "integrity": "sha512-+a5cEo1IDqsfbm7zQMjX29voOc/sgHNJZwObnln/8n2S+DebYQZjQknPrIVYj0tT0B+jphCNPccRsr0+rZYN7A==",
      "cpu": [
        "arm64"
      ],
      "license": "SEE LICENSE IN LICENSE.md",
      "optional": true,
      "os": [
        "linux"
      ],
      "bin": {
        "copilot-linuxmusl-arm64": "copilot"
      }
    },
    "node_modules/@github/copilot-linuxmusl-x64": {
      "version": "1.0.85",
      "resolved": "https://registry.npmjs.org/@github/copilot-linuxmusl-x64/-/copilot-linuxmusl-x64-1.0.85.tgz",
      "integrity": "sha512-sfMF6n2Ec+Hu9KvYG3SE+5oMwlrrilP2Ua5COLSKNdZliPXaiQ1E1nSuBhESIE0B//kYryJf0vsyF9JnKp05GQ==",
      "cpu": [
        "x64"
      ],
      "license": "SEE LICENSE IN LICENSE.md",
      "optional": true,
      "os": [
        "linux"
      ],
      "bin": {
        "copilot-linuxmusl-x64": "copilot"
      }
    },
    "node_modules/@github/copilot-sdk": {
      "version": "1.0.7",
      "resolved": "https://registry.npmjs.org/@github/copilot-sdk/-/copilot-sdk-1.0.7.tgz",
      "integrity": "sha512-dgCFCPfxWUkrgclQbrm7WCFzTf5RnJHsK1Lqsc3KjPBbDLPutJT0qIGg3xJ0ZELLyX0icg3TOmVczhR4HdwHxw==",
      "license": "MIT",
      "dependencies": {
        "@github/copilot": "^1.0.71",
        "koffi": "^3.1.0",
        "vscode-jsonrpc": "^8.2.1",
        "zod": "^4.3.6"
      },
      "engines": {
        "node": "^20.19.0 || >=22.12.0"
      }
    },
    "node_modules/@github/copilot-win32-arm64": {
      "version": "1.0.85",
      "resolved": "https://registry.npmjs.org/@github/copilot-win32-arm64/-/copilot-win32-arm64-1.0.85.tgz",
      "integrity": "sha512-WXZOcjtPbmdgDgfU6UJuTTC/5cHhgzqNyNOvJC1LttwFQuzddFITGKMKbbki9op09jFxa6IW9CfTWbvud6x+Qg==",
      "cpu": [
        "arm64"
      ],
      "license": "SEE LICENSE IN LICENSE.md",
      "optional": true,
      "os": [
        "win32"
      ],
      "bin": {
        "copilot-win32-arm64": "copilot.exe"
      }
    },
    "node_modules/@github/copilot-win32-x64": {
      "version": "1.0.85",
      "resolved": "https://registry.npmjs.org/@github/copilot-win32-x64/-/copilot-win32-x64-1.0.85.tgz",
      "integrity": "sha512-8OY+GLhvghDkDJHFu0wYpemC4y7z/RcF89ZOQffUJx8qf8GsCfW2C3OnVu5RtpmUrT3vNI7WoEFgTkzqgkCa1g==",
      "cpu": [
        "x64"
      ],
      "license": "SEE LICENSE IN LICENSE.md",
      "optional": true,
      "os": [
        "win32"
      ],
      "bin": {
        "copilot-win32-x64": "copilot.exe"
      }
    },
    "node_modules/@koromix/koffi-android-arm64": {
      "version": "3.3.0",
      "resolved": "https://registry.npmjs.org/@koromix/koffi-android-arm64/-/koffi-android-arm64-3.3.0.tgz",
      "integrity": "sha512-lHXE2mq+uG6CVeX1iepn2ATcAWMZPagr+J0ICYge7wTMDYc5pPRQMq0Rr/16775i6QlUqQqpk8c5Gu66+u3gGA==",
      "cpu": [
        "arm64"
      ],
      "license": "MIT",
      "optional": true,
      "os": [
        "android"
      ],
      "funding": {
        "url": "https://liberapay.com/Koromix"
      }
    },
    "node_modules/@koromix/koffi-android-x64": {
      "version": "3.3.0",
      "resolved": "https://registry.npmjs.org/@koromix/koffi-android-x64/-/koffi-android-x64-3.3.0.tgz",
      "integrity": "sha512-7EeVK/KS9XNbOsUfy0B3uuSjPQZenjJ35y9QSi6R6eK4Fv0oGvREQaBzIJRJwonxp7sJfGObnwnQTnKTVK2DWA==",
      "cpu": [
        "x64"
      ],
      "license": "MIT",
      "optional": true,
      "os": [
        "android"
      ],
      "funding": {
        "url": "https://liberapay.com/Koromix"
      }
    },
    "node_modules/@koromix/koffi-darwin-arm64": {
      "version": "3.3.0",
      "resolved": "https://registry.npmjs.org/@koromix/koffi-darwin-arm64/-/koffi-darwin-arm64-3.3.0.tgz",
      "integrity": "sha512-2R9bihYmYFyRP98wRG2m5WQVKMONf7DoPJI8RkGCOUB2afOXJEVXFepiSKxBZGPml8i1USwAxMUwkzbJ5uMG1A==",
      "cpu": [
        "arm64"
      ],
      "license": "MIT",
      "optional": true,
      "os": [
        "darwin"
      ],
      "funding": {
        "url": "https://liberapay.com/Koromix"
      }
    },
    "node_modules/@koromix/koffi-darwin-x64": {
      "version": "3.3.0",
      "resolved": "https://registry.npmjs.org/@koromix/koffi-darwin-x64/-/koffi-darwin-x64-3.3.0.tgz",
      "integrity": "sha512-OecYCQfzhUx+XyAtatIHlk0jIz87wKNjtYvwlwgMwgaGQwO/TxFeReNo+s3167Rh1a9c8rUIOjq1jfzAPBxbKA==",
      "cpu": [
        "x64"
      ],
      "license": "MIT",
      "optional": true,
      "os": [
        "darwin"
      ],
      "funding": {
        "url": "https://liberapay.com/Koromix"
      }
    },
    "node_modules/@koromix/koffi-freebsd-arm64": {
      "version": "3.3.0",
      "resolved": "https://registry.npmjs.org/@koromix/koffi-freebsd-arm64/-/koffi-freebsd-arm64-3.3.0.tgz",
      "integrity": "sha512-6ytHzV1DuyxTP5LtFmQ3imBk71j/F/Nb0Hcwhjcn35esnknm5rQbgRl6tNRldrkGnM4GIAJpsagooUBh1xAzYg==",
      "cpu": [
        "arm64"
      ],
      "license": "MIT",
      "optional": true,
      "os": [
        "freebsd"
      ],
      "funding": {
        "url": "https://liberapay.com/Koromix"
      }
    },
    "node_modules/@koromix/koffi-freebsd-ia32": {
      "version": "3.3.0",
      "resolved": "https://registry.npmjs.org/@koromix/koffi-freebsd-ia32/-/koffi-freebsd-ia32-3.3.0.tgz",
      "integrity": "sha512-hINo5z1Iz2u3Rx3oHfzcmi5A03gYAoYf4nCJJYaY0bb5IuGdIC7noQTyyI9YxfyTJgoqw3wKFWWYtvsAmEo9Hw==",
      "cpu": [
        "ia32"
      ],
      "license": "MIT",
      "optional": true,
      "os": [
        "freebsd"
      ],
      "funding": {
        "url": "https://liberapay.com/Koromix"
      }
    },
    "node_modules/@koromix/koffi-freebsd-x64": {
      "version": "3.3.0",
      "resolved": "https://registry.npmjs.org/@koromix/koffi-freebsd-x64/-/koffi-freebsd-x64-3.3.0.tgz",
      "integrity": "sha512-7XQYAZh828nW6+y3IdyUNdo2VbVHL5ZC8Qb+yqHrlDjTjVXSyGYZJHAyJZ5c7eSTTKBhtIMTX238rIsdexxrog==",
      "cpu": [
        "x64"
      ],
      "license": "MIT",
      "optional": true,
      "os": [
        "freebsd"
      ],
      "funding": {
        "url": "https://liberapay.com/Koromix"
      }
    },
    "node_modules/@koromix/koffi-linux-arm": {
      "version": "3.3.0",
      "resolved": "https://registry.npmjs.org/@koromix/koffi-linux-arm/-/koffi-linux-arm-3.3.0.tgz",
      "integrity": "sha512-NbahRKKKFkHoFN/ZpLY+w4F6eYSqV4KMN40PmjZ1xQjG/XjYb6PIYgE41c7/acAPxOYqujrcaI3B4BAgWYm5/A==",
      "cpu": [
        "arm"
      ],
      "license": "MIT",
      "optional": true,
      "os": [
        "linux"
      ],
      "funding": {
        "url": "https://liberapay.com/Koromix"
      }
    },
    "node_modules/@koromix/koffi-linux-arm64": {
      "version": "3.3.0",
      "resolved": "https://registry.npmjs.org/@koromix/koffi-linux-arm64/-/koffi-linux-arm64-3.3.0.tgz",
      "integrity": "sha512-Eo/+wGeawGICzJkUlkzi/KerAJ6U1L/Hf7cnJKH7aGgCOY5RRnjUqXs/eL+UDpRcFHzGeUn+Fq+8q2VxYxvAfw==",
      "cpu": [
        "arm64"
      ],
      "license": "MIT",
      "optional": true,
      "os": [
        "linux"
      ],
      "funding": {
        "url": "https://liberapay.com/Koromix"
      }
    },
    "node_modules/@koromix/koffi-linux-ia32": {
      "version": "3.3.0",
      "resolved": "https://registry.npmjs.org/@koromix/koffi-linux-ia32/-/koffi-linux-ia32-3.3.0.tgz",
      "integrity": "sha512-u9tKuj42RFWJU8ZgZqcBhkFCkIZE/SE6oR1ljpukttJUhOVuaf/lmsWxyOxiVu3U8T1gtD658FlLgrbMVIn6aQ==",
      "cpu": [
        "ia32"
      ],
      "license": "MIT",
      "optional": true,
      "os": [
        "linux"
      ],
      "funding": {
        "url": "https://liberapay.com/Koromix"
      }
    },
    "node_modules/@koromix/koffi-linux-loong64": {
      "version": "3.3.0",
      "resolved": "https://registry.npmjs.org/@koromix/koffi-linux-loong64/-/koffi-linux-loong64-3.3.0.tgz",
      "integrity": "sha512-2hKlNZ6OXkTUp6fcueZcP0sQ6yhpdfANg9/mWxDKzT1o8qIj4qJD7UcZLCcRIC8JXiP8JQwZBtlPuyXIqofDQg==",
      "cpu": [
        "loong64"
      ],
      "license": "MIT",
      "optional": true,
      "os": [
        "linux"
      ],
      "funding": {
        "url": "https://liberapay.com/Koromix"
      }
    },
    "node_modules/@koromix/koffi-linux-ppc64": {
      "version": "3.3.0",
      "resolved": "https://registry.npmjs.org/@koromix/koffi-linux-ppc64/-/koffi-linux-ppc64-3.3.0.tgz",
      "integrity": "sha512-bIVAoHgzyRN7xs529BK7rF3BbZUTJgIr0t/wvBvAgaIpreKsdZ/QWxhedKRbTN7ljlDHkPZFmu5XcCjb/vqUag==",
      "cpu": [
        "ppc64"
      ],
      "license": "MIT",
      "optional": true,
      "os": [
        "linux"
      ],
      "funding": {
        "url": "https://liberapay.com/Koromix"
      }
    },
    "node_modules/@koromix/koffi-linux-riscv64": {
      "version": "3.3.0",
      "resolved": "https://registry.npmjs.org/@koromix/koffi-linux-riscv64/-/koffi-linux-riscv64-3.3.0.tgz",
      "integrity": "sha512-2niYAe+TBXbvf7yog/aiHiDUrKQn+RkMSH5x3ZYo65OQyII1CY3Jk2kP3Pe735gq0LzIYJsDuGMW+02ighSadQ==",
      "cpu": [
        "riscv64"
      ],
      "license": "MIT",
      "optional": true,
      "os": [
        "linux"
      ],
      "funding": {
        "url": "https://liberapay.com/Koromix"
      }
    },
    "node_modules/@koromix/koffi-linux-x64": {
      "version": "3.3.0",
      "resolved": "https://registry.npmjs.org/@koromix/koffi-linux-x64/-/koffi-linux-x64-3.3.0.tgz",
      "integrity": "sha512-apU8ZMOrOh1eqMP/Pp0sDZ/WY6A4r6JWph26h63VM9nZ+5KCTYuPgojfoLPNvrfI/bn1PY3+bpXKRhZHI3gxbQ==",
      "cpu": [
        "x64"
      ],
      "license": "MIT",
      "optional": true,
      "os": [
        "linux"
      ],
      "funding": {
        "url": "https://liberapay.com/Koromix"
      }
    },
    "node_modules/@koromix/koffi-openbsd-arm64": {
      "version": "3.3.0",
      "resolved": "https://registry.npmjs.org/@koromix/koffi-openbsd-arm64/-/koffi-openbsd-arm64-3.3.0.tgz",
      "integrity": "sha512-iTyHMCSSs+X579sWJv7XVFMp9gOfROI8IUEwp09YxJpGvmiSoipI0J7kytFuFq6dyuwO0Ymy4JdlmKnCM0qkxg==",
      "cpu": [
        "arm64"
      ],
      "license": "MIT",
      "optional": true,
      "os": [
        "openbsd"
      ],
      "funding": {
        "url": "https://liberapay.com/Koromix"
      }
    },
    "node_modules/@koromix/koffi-openbsd-ia32": {
      "version": "3.3.0",
      "resolved": "https://registry.npmjs.org/@koromix/koffi-openbsd-ia32/-/koffi-openbsd-ia32-3.3.0.tgz",
      "integrity": "sha512-xCvMV+4VNHjTxgVPEsBzU0k8dlA7aoFO5QjRF9lVU/NzGhUedlYvFgaF6IWsGOoWEaNt9hgP4KK/wxMbm9v8EQ==",
      "cpu": [
        "ia32"
      ],
      "license": "MIT",
      "optional": true,
      "os": [
        "openbsd"
      ],
      "funding": {
        "url": "https://liberapay.com/Koromix"
      }
    },
    "node_modules/@koromix/koffi-openbsd-x64": {
      "version": "3.3.0",
      "resolved": "https://registry.npmjs.org/@koromix/koffi-openbsd-x64/-/koffi-openbsd-x64-3.3.0.tgz",
      "integrity": "sha512-xItIwx1elM8k1pTudEfuV/1U2gQ06+rFfxCVXrZkyWYYGTzmA5To00f8garJFR+E9gbjQJbn8QDFvWMI+i2sMA==",
      "cpu": [
        "x64"
      ],
      "license": "MIT",
      "optional": true,
      "os": [
        "openbsd"
      ],
      "funding": {
        "url": "https://liberapay.com/Koromix"
      }
    },
    "node_modules/@koromix/koffi-win32-arm64": {
      "version": "3.3.0",
      "resolved": "https://registry.npmjs.org/@koromix/koffi-win32-arm64/-/koffi-win32-arm64-3.3.0.tgz",
      "integrity": "sha512-fD41LgKBx5i1YlJDuds4tRHAaG5vV55tvagzJwKFDR/5BDeaFvH9QFMUMDoNl2LkmVyeug0dIElHr/oxejh3IA==",
      "cpu": [
        "arm64"
      ],
      "license": "MIT",
      "optional": true,
      "os": [
        "win32"
      ],
      "funding": {
        "url": "https://liberapay.com/Koromix"
      }
    },
    "node_modules/@koromix/koffi-win32-ia32": {
      "version": "3.3.0",
      "resolved": "https://registry.npmjs.org/@koromix/koffi-win32-ia32/-/koffi-win32-ia32-3.3.0.tgz",
      "integrity": "sha512-BfDbDVEuQwPZOvWXawc3JT/7i9cN7QHYotgo014jjXb9pNv46Ykhb0RRglkcHg+SdytW/7pxYn18YwcQP6LLvQ==",
      "cpu": [
        "ia32"
      ],
      "license": "MIT",
      "optional": true,
      "os": [
        "win32"
      ],
      "funding": {
        "url": "https://liberapay.com/Koromix"
      }
    },
    "node_modules/@koromix/koffi-win32-x64": {
      "version": "3.3.0",
      "resolved": "https://registry.npmjs.org/@koromix/koffi-win32-x64/-/koffi-win32-x64-3.3.0.tgz",
      "integrity": "sha512-D+ORp73rTmvGVfq01+4uBmgVZqrPqU9N9xCZCfexaCDlVk0WQsaqid1dGsi6eScJuHt4Cp8s1i5/4CsecxFTKQ==",
      "cpu": [
        "x64"
      ],
      "license": "MIT",
      "optional": true,
      "os": [
        "win32"
      ],
      "funding": {
        "url": "https://liberapay.com/Koromix"
      }
    },
    "node_modules/@openai/codex": {
      "version": "0.160.0",
      "resolved": "https://registry.npmjs.org/@openai/codex/-/codex-0.160.0.tgz",
      "integrity": "sha512-kEtVGzjRAYAMOwJxN39bGcna7LT3IDQgq64NNJ/dDTfu4OzZaocJcyNb5/gGJ/IVF/Vj7oK7E2m3nmTan7lpjg==",
      "license": "Apache-2.0",
      "bin": {
        "codex": "bin/codex.js"
      },
      "engines": {
        "node": ">=16"
      },
      "optionalDependencies": {
        "@openai/codex-darwin-arm64": "npm:@openai/codex@0.160.0-darwin-arm64",
        "@openai/codex-darwin-x64": "npm:@openai/codex@0.160.0-darwin-x64",
        "@openai/codex-linux-arm64": "npm:@openai/codex@0.160.0-linux-arm64",
        "@openai/codex-linux-x64": "npm:@openai/codex@0.160.0-linux-x64",
        "@openai/codex-win32-arm64": "npm:@openai/codex@0.160.0-win32-arm64",
        "@openai/codex-win32-x64": "npm:@openai/codex@0.160.0-win32-x64"
      }
    },
    "node_modules/@openai/codex-darwin-arm64": {
      "name": "@openai/codex",
      "version": "0.160.0-darwin-arm64",
      "resolved": "https://registry.npmjs.org/@openai/codex/-/codex-0.160.0-darwin-arm64.tgz",
      "integrity": "sha512-aefV6cqZA2REZgR//4McyXlp7zLcTti4CI2v3j9IVgNndPBv2kCeNEcz07qeelXcwOdSFPUKb6roA48vZmDgrQ==",
      "cpu": [
        "arm64"
      ],
      "license": "Apache-2.0",
      "optional": true,
      "os": [
        "darwin"
      ],
      "engines": {
        "node": ">=16"
      }
    },
    "node_modules/@openai/codex-darwin-x64": {
      "name": "@openai/codex",
      "version": "0.160.0-darwin-x64",
      "resolved": "https://registry.npmjs.org/@openai/codex/-/codex-0.160.0-darwin-x64.tgz",
      "integrity": "sha512-ir7cdsPrb9VkqNqpTECoTiomv04xws/FQ968mHQzuL+2J5Da0Dkh2Qlxp7sguDDZJab4YpYmNjQvBVMXbTeQaQ==",
      "cpu": [
        "x64"
      ],
      "license": "Apache-2.0",
      "optional": true,
      "os": [
        "darwin"
      ],
      "engines": {
        "node": ">=16"
      }
    },
    "node_modules/@openai/codex-linux-arm64": {
      "name": "@openai/codex",
      "version": "0.160.0-linux-arm64",
      "resolved": "https://registry.npmjs.org/@openai/codex/-/codex-0.160.0-linux-arm64.tgz",
      "integrity": "sha512-VnVdsS06YlDsL8OwaJjQ3xdqdJNG4i+eBJBV3LytddknzSaF/urijLzVg3ptkwvoj8C7Gn7iWpVE+y8WEaPiCg==",
      "cpu": [
        "arm64"
      ],
      "license": "Apache-2.0",
      "optional": true,
      "os": [
        "linux"
      ],
      "engines": {
        "node": ">=16"
      }
    },
    "node_modules/@openai/codex-linux-x64": {
      "name": "@openai/codex",
      "version": "0.160.0-linux-x64",
      "resolved": "https://registry.npmjs.org/@openai/codex/-/codex-0.160.0-linux-x64.tgz",
      "integrity": "sha512-KI/73OqGrHmR18s7ya7E1NqV6rT0y3lxr0s8S1qR2m6zU6QRF/HlR529jALLh5vjdUnsRT4Ahoxt0axb4kY99g==",
      "cpu": [
        "x64"
      ],
      "license": "Apache-2.0",
      "optional": true,
      "os": [
        "linux"
      ],
      "engines": {
        "node": ">=16"
      }
    },
    "node_modules/@openai/codex-win32-arm64": {
      "name": "@openai/codex",
      "version": "0.160.0-win32-arm64",
      "resolved": "https://registry.npmjs.org/@openai/codex/-/codex-0.160.0-win32-arm64.tgz",
      "integrity": "sha512-tTvK9ZIGuj9WnYaYOAnfjJVSfPV7dKqWtDHqUPLf0Hadp6SgynTxx7S7iMXRieFeXVOI2XH76KxEHSOTOnz3zw==",
      "cpu": [
        "arm64"
      ],
      "license": "Apache-2.0",
      "optional": true,
      "os": [
        "win32"
      ],
      "engines": {
        "node": ">=16"
      }
    },
    "node_modules/@openai/codex-win32-x64": {
      "name": "@openai/codex",
      "version": "0.160.0-win32-x64",
      "resolved": "https://registry.npmjs.org/@openai/codex/-/codex-0.160.0-win32-x64.tgz",
      "integrity": "sha512-/gCFcuOmGlQkgGivWCtY8BNEDixh70Pue0HZOk9S8bj2vUIE1GLD9zcNB/KqqDJmn0S+lIttauLpzQnw6HOCHA==",
      "cpu": [
        "x64"
      ],
      "license": "Apache-2.0",
      "optional": true,
      "os": [
        "win32"
      ],
      "engines": {
        "node": ">=16"
      }
    },
    "node_modules/detect-libc": {
      "version": "2.1.2",
      "resolved": "https://registry.npmjs.org/detect-libc/-/detect-libc-2.1.2.tgz",
      "integrity": "sha512-Btj2BOOO83o3WyH59e8MgXsxEQVcarkUOpEYrubB0urwnN10yQ364rsiByU11nZlqWYZm05i/of7io4mzihBtQ==",
      "license": "Apache-2.0",
      "engines": {
        "node": ">=8"
      }
    },
    "node_modules/koffi": {
      "version": "3.3.0",
      "resolved": "https://registry.npmjs.org/koffi/-/koffi-3.3.0.tgz",
      "integrity": "sha512-UeyQtptuPeCP0BqKD+Q8ftTQhIUBHO7bXyK9DVIaW9hJSg0BrICm4K5N8Qtn7zKk20sb5vpnES9KBqVksM2kpQ==",
      "hasInstallScript": true,
      "license": "MIT",
      "funding": {
        "url": "https://liberapay.com/Koromix"
      },
      "optionalDependencies": {
        "@koromix/koffi-android-arm64": "3.3.0",
        "@koromix/koffi-android-x64": "3.3.0",
        "@koromix/koffi-darwin-arm64": "3.3.0",
        "@koromix/koffi-darwin-x64": "3.3.0",
        "@koromix/koffi-freebsd-arm64": "3.3.0",
        "@koromix/koffi-freebsd-ia32": "3.3.0",
        "@koromix/koffi-freebsd-x64": "3.3.0",
        "@koromix/koffi-linux-arm": "3.3.0",
        "@koromix/koffi-linux-arm64": "3.3.0",
        "@koromix/koffi-linux-ia32": "3.3.0",
        "@koromix/koffi-linux-loong64": "3.3.0",
        "@koromix/koffi-linux-ppc64": "3.3.0",
        "@koromix/koffi-linux-riscv64": "3.3.0",
        "@koromix/koffi-linux-x64": "3.3.0",
        "@koromix/koffi-openbsd-arm64": "3.3.0",
        "@koromix/koffi-openbsd-ia32": "3.3.0",
        "@koromix/koffi-openbsd-x64": "3.3.0",
        "@koromix/koffi-win32-arm64": "3.3.0",
        "@koromix/koffi-win32-ia32": "3.3.0",
        "@koromix/koffi-win32-x64": "3.3.0"
      }
    },
    "node_modules/vscode-jsonrpc": {
      "version": "8.2.1",
      "resolved": "https://registry.npmjs.org/vscode-jsonrpc/-/vscode-jsonrpc-8.2.1.tgz",
      "integrity": "sha512-kdjOSJ2lLIn7r1rtrMbbNCHjyMPfRnowdKjBQ+mGq6NAW5QY2bEZC/khaC5OR8svbbjvLEaIXkOq45e2X9BIbQ==",
      "license": "MIT",
      "engines": {
        "node": ">=14.0.0"
      }
    },
    "node_modules/zod": {
      "version": "4.6.5",
      "resolved": "https://registry.npmjs.org/zod/-/zod-4.6.5.tgz",
      "integrity": "sha512-v5l/aFXZQeai4awLbOpSoHecE9UiMrnfx75tEXLjNonXVARxQ5mOeipTjROUchszUNCqnE+hqAMujRsRHsut2Q==",
      "license": "MIT",
      "funding": {
        "url": "https://github.com/sponsors/colinhacks"
      }
    }
  }
}
